
Microsoft Visual Studio Solution File, Format Version 12.00
# Visual Studio Version 16
VisualStudioVersion = 16.0.31911.196
MinimumVisualStudioVersion = 10.0.40219.1
Project("{9A19103F-16F7-4668-BE54-9A1E7A4F7556}") = "Buyer", "Buyer\Buyer.csproj", "{35980111-BAF4-4D25-871A-6B81886674EA}"
EndProject
Project("{FAE04EC0-301F-11D3-BF4B-00C04F79EFBC}") = "Seller", "Seller\Seller.csproj", "{EAA90E42-7990-4E66-BC22-667A345F889A}"
EndProject
Global
	GlobalSection(SolutionConfigurationPlatforms) = preSolution
		Debug|Any CPU = Debug|Any CPU
		Release|Any CPU = Release|Any CPU
	EndGlobalSection
	GlobalSection(ProjectConfigurationPlatforms) = postSolution
		{35980111-BAF4-4D25-871A-6B81886674EA}.Debug|Any CPU.ActiveCfg = Debug|Any CPU
		{35980111-BAF4-4D25-871A-6B81886674EA}.Debug|Any CPU.Build.0 = Debug|Any CPU
		{35980111-BAF4-4D25-871A-6B81886674EA}.Release|Any CPU.ActiveCfg = Release|Any CPU
		{35980111-BAF4-4D25-871A-6B81886674EA}.Release|Any CPU.Build.0 = Release|Any CPU
		{EAA90E42-7990-4E66-BC22-667A345F889A}.Debug|Any CPU.ActiveCfg = Debug|Any CPU
		{EAA90E42-7990-4E66-BC22-667A345F889A}.Debug|Any CPU.Build.0 = Debug|Any CPU
		{EAA90E42-7990-4E66-BC22-667A345F889A}.Release|Any CPU.ActiveCfg = Release|Any CPU
		{EAA90E42-7990-4E66-BC22-667A345F889A}.Release|Any CPU.Build.0 = Release|Any CPU
	EndGlobalSection
	GlobalSection(SolutionProperties) = preSolution
		HideSolutionNode = FALSE
	EndGlobalSection
	GlobalSection(ExtensibilityGlobals) = postSolution
		SolutionGuid = {A5B54E4F-94DA-414F-8944-00E454C6F8C8}
	EndGlobalSection
EndGlobal
